
Microsoft Visual Studio Solution File, Format Version 12.00
# Visual Studio Version 16
VisualStudioVersion = 16.0.32106.194
MinimumVisualStudioVersion = 10.0.40219.1
Project("{FAE04EC0-301F-11D3-BF4B-00C04F79EFBC}") = "ErenCh_Project", "ErenCh_Project.csproj", "{83AD6693-2B5B-45A9-ADA1-DE9FF511393B}"
EndProject
Global
	GlobalSection(SolutionConfigurationPlatforms) = preSolution
		Debug|Any CPU = Debug|Any CPU
		Release|Any CPU = Release|Any CPU
	EndGlobalSection
	GlobalSection(ProjectConfigurationPlatforms) = postSolution
		{83AD6693-2B5B-45A9-ADA1-DE9FF511393B}.Debug|Any CPU.ActiveCfg = Debug|Any CPU
		{83AD6693-2B5B-45A9-ADA1-DE9FF511393B}.Debug|Any CPU.Build.0 = Debug|Any CPU
		{83AD6693-2B5B-45A9-ADA1-DE9FF511393B}.Release|Any CPU.ActiveCfg = Release|Any CPU
		{83AD6693-2B5B-45A9-ADA1-DE9FF511393B}.Release|Any CPU.Build.0 = Release|Any CPU
	EndGlobalSection
	GlobalSection(SolutionProperties) = preSolution
		HideSolutionNode = FALSE
	EndGlobalSection
	GlobalSection(ExtensibilityGlobals) = postSolution
		SolutionGuid = {754F4486-409F-43FD-8808-BC8B59829C22}
	EndGlobalSection
EndGlobal
