
Microsoft Visual Studio Solution File, Format Version 12.00
# Visual Studio Version 16
VisualStudioVersion = 16.0.32106.194
MinimumVisualStudioVersion = 10.0.40219.1
Project("{FAE04EC0-301F-11D3-BF4B-00C04F79EFBC}") = "ApartAutomation", "ApartAutomation\ApartAutomation.csproj", "{DC17A615-EC0C-44DE-BC2F-5AAD8E43464A}"
EndProject
Global
	GlobalSection(SolutionConfigurationPlatforms) = preSolution
		Debug|Any CPU = Debug|Any CPU
		Release|Any CPU = Release|Any CPU
	EndGlobalSection
	GlobalSection(ProjectConfigurationPlatforms) = postSolution
		{DC17A615-EC0C-44DE-BC2F-5AAD8E43464A}.Debug|Any CPU.ActiveCfg = Debug|Any CPU
		{DC17A615-EC0C-44DE-BC2F-5AAD8E43464A}.Debug|Any CPU.Build.0 = Debug|Any CPU
		{DC17A615-EC0C-44DE-BC2F-5AAD8E43464A}.Release|Any CPU.ActiveCfg = Release|Any CPU
		{DC17A615-EC0C-44DE-BC2F-5AAD8E43464A}.Release|Any CPU.Build.0 = Release|Any CPU
	EndGlobalSection
	GlobalSection(SolutionProperties) = preSolution
		HideSolutionNode = FALSE
	EndGlobalSection
	GlobalSection(ExtensibilityGlobals) = postSolution
		SolutionGuid = {7AE5D9A2-B8BB-4DDD-B76F-823F54D09B8B}
	EndGlobalSection
EndGlobal
